
Microsoft Visual Studio Solution File, Format Version 12.00
# Visual Studio 15
VisualStudioVersion = 15.0.27130.2036
MinimumVisualStudioVersion = 10.0.40219.1
Project("{FAE04EC0-301F-11D3-BF4B-00C04F79EFBC}") = "BaseApp.Android", "BaseApp\BaseApp.Android\BaseApp.Android.csproj", "{6DF65D9C-31B3-4F77-B2F1-587C86A47EB9}"
EndProject
Project("{FAE04EC0-301F-11D3-BF4B-00C04F79EFBC}") = "BaseApp.iOS", "BaseApp\BaseApp.iOS\BaseApp.iOS.csproj", "{2576BA89-58C1-4469-A3FB-43872F3448DB}"
EndProject
Project("{2150E333-8FDC-42A3-9474-1A3956D46DE8}") = "2 - Presentation", "2 - Presentation", "{E13E0B1E-C69F-4C90-8BB5-B14444985046}"
EndProject
Project("{9A19103F-16F7-4668-BE54-9A1E7A4F7556}") = "BaseApp.Core", "BaseApp\BaseApp.Core\BaseApp.Core.csproj", "{D1B3DEB7-46E7-4B52-B309-D806F3F5AC38}"
EndProject
Project("{2150E333-8FDC-42A3-9474-1A3956D46DE8}") = "LocalDatabase", "LocalDatabase", "{5DB105C9-7091-44E2-AC55-31DEA94C7A78}"
EndProject
Project("{9A19103F-16F7-4668-BE54-9A1E7A4F7556}") = "BaseApp.LocalDatabase", "BaseApp.Data\BaseApp.LocalDatabase.csproj", "{328EB11A-CDF0-48A1-9C05-7E263B7681D3}"
EndProject
Project("{2150E333-8FDC-42A3-9474-1A3956D46DE8}") = "Infrastructure", "Infrastructure", "{02E07CC6-26CD-4CDB-AB2F-59B7AA234AF5}"
EndProject
Project("{9A19103F-16F7-4668-BE54-9A1E7A4F7556}") = "BaseApp.Infrastructure", "BaseApp.Infrastructure\BaseApp.Infrastructure.csproj", "{6662E2CD-393C-4143-82BE-50915EBA1F65}"
EndProject
Project("{2150E333-8FDC-42A3-9474-1A3956D46DE8}") = "Service", "Service", "{579DF52F-895E-4368-B91D-EC7777BEFA35}"
EndProject
Project("{9A19103F-16F7-4668-BE54-9A1E7A4F7556}") = "BaseApp.Service", "BaseApp.Service\BaseApp.Service.csproj", "{83CBBE37-CD7A-46DF-A21B-E7012FA9D971}"
EndProject
Project("{2150E333-8FDC-42A3-9474-1A3956D46DE8}") = "5 - Tests", "5 - Tests", "{F6B39103-2895-4059-974F-0EB895AAABBE}"
EndProject
Project("{2150E333-8FDC-42A3-9474-1A3956D46DE8}") = "1 - Api", "1 - Api", "{1A9A69A9-62BE-421C-A024-A18A4E009D14}"
EndProject
Project("{9A19103F-16F7-4668-BE54-9A1E7A4F7556}") = "BaseApp.Api", "BaseApp.Api\BaseApp.Api.csproj", "{13D72D23-0093-4179-B5EC-DB88DAE6A833}"
EndProject
Project("{2150E333-8FDC-42A3-9474-1A3956D46DE8}") = "Models", "Models", "{BE6E0A67-3378-438E-BFCF-868641260653}"
EndProject
Project("{9A19103F-16F7-4668-BE54-9A1E7A4F7556}") = "BaseApp.Models", "BaseApp.Models\BaseApp.Models.csproj", "{B7E9313E-AEE0-49E2-B31F-7BE29F708A13}"
EndProject
Project("{9A19103F-16F7-4668-BE54-9A1E7A4F7556}") = "BaseApp.UITest", "BaseApp.UITest\BaseApp.UITest.csproj", "{312AADC0-2B7F-4D67-A455-08286A370C08}"
EndProject
Project("{9A19103F-16F7-4668-BE54-9A1E7A4F7556}") = "BaseApp.UnitTest", "BaseApp.UnitTest\BaseApp.UnitTest.csproj", "{1F86193F-4894-44D9-8507-CEAFA40757D5}"
EndProject
Project("{2150E333-8FDC-42A3-9474-1A3956D46DE8}") = "4 - Framework", "4 - Framework", "{292868D9-1431-4B1F-BAFA-5593A93DF262}"
EndProject
Project("{2150E333-8FDC-42A3-9474-1A3956D46DE8}") = "Native", "Native", "{461C268E-8D33-494F-B969-A22A7CE46B70}"
EndProject
Project("{2150E333-8FDC-42A3-9474-1A3956D46DE8}") = "App", "App", "{D894F461-C055-44CE-8498-C32B9396E638}"
EndProject
Project("{2150E333-8FDC-42A3-9474-1A3956D46DE8}") = "3 - Logic", "3 - Logic", "{0E7EF94A-BB2C-45FB-B5A6-F618FE291E7D}"
EndProject
Project("{2150E333-8FDC-42A3-9474-1A3956D46DE8}") = "View", "View", "{324C22CB-012C-48A2-89C8-F5F5826E6BA5}"
EndProject
Project("{9A19103F-16F7-4668-BE54-9A1E7A4F7556}") = "BaseApp.View", "BaseApp.View\BaseApp.View.csproj", "{C090E981-FEB1-48F1-8D2A-BAF82E9835E3}"
EndProject
Project("{2150E333-8FDC-42A3-9474-1A3956D46DE8}") = "ViewModel", "ViewModel", "{2689D9F8-D5A6-4CF8-9A37-DFE1AF0DE568}"
EndProject
Project("{9A19103F-16F7-4668-BE54-9A1E7A4F7556}") = "BaseApp.ViewModel", "BaseApp.ViewModel\BaseApp.ViewModel.csproj", "{EA4F7254-B52D-4276-83BC-9CF257AA967C}"
EndProject
Global
	GlobalSection(SolutionConfigurationPlatforms) = preSolution
		Ad-Hoc|Any CPU = Ad-Hoc|Any CPU
		Ad-Hoc|iPhone = Ad-Hoc|iPhone
		Ad-Hoc|iPhoneSimulator = Ad-Hoc|iPhoneSimulator
		AppStore|Any CPU = AppStore|Any CPU
		AppStore|iPhone = AppStore|iPhone
		AppStore|iPhoneSimulator = AppStore|iPhoneSimulator
		Debug|Any CPU = Debug|Any CPU
		Debug|iPhone = Debug|iPhone
		Debug|iPhoneSimulator = Debug|iPhoneSimulator
		Release|Any CPU = Release|Any CPU
		Release|iPhone = Release|iPhone
		Release|iPhoneSimulator = Release|iPhoneSimulator
	EndGlobalSection
	GlobalSection(ProjectConfigurationPlatforms) = postSolution
		{6DF65D9C-31B3-4F77-B2F1-587C86A47EB9}.Ad-Hoc|Any CPU.ActiveCfg = Release|Any CPU
		{6DF65D9C-31B3-4F77-B2F1-587C86A47EB9}.Ad-Hoc|Any CPU.Build.0 = Release|Any CPU
		{6DF65D9C-31B3-4F77-B2F1-587C86A47EB9}.Ad-Hoc|Any CPU.Deploy.0 = Release|Any CPU
		{6DF65D9C-31B3-4F77-B2F1-587C86A47EB9}.Ad-Hoc|iPhone.ActiveCfg = Release|Any CPU
		{6DF65D9C-31B3-4F77-B2F1-587C86A47EB9}.Ad-Hoc|iPhone.Build.0 = Release|Any CPU
		{6DF65D9C-31B3-4F77-B2F1-587C86A47EB9}.Ad-Hoc|iPhone.Deploy.0 = Release|Any CPU
		{6DF65D9C-31B3-4F77-B2F1-587C86A47EB9}.Ad-Hoc|iPhoneSimulator.ActiveCfg = Release|Any CPU
		{6DF65D9C-31B3-4F77-B2F1-587C86A47EB9}.Ad-Hoc|iPhoneSimulator.Build.0 = Release|Any CPU
		{6DF65D9C-31B3-4F77-B2F1-587C86A47EB9}.Ad-Hoc|iPhoneSimulator.Deploy.0 = Release|Any CPU
		{6DF65D9C-31B3-4F77-B2F1-587C86A47EB9}.AppStore|Any CPU.ActiveCfg = Release|Any CPU
		{6DF65D9C-31B3-4F77-B2F1-587C86A47EB9}.AppStore|Any CPU.Build.0 = Release|Any CPU
		{6DF65D9C-31B3-4F77-B2F1-587C86A47EB9}.AppStore|Any CPU.Deploy.0 = Release|Any CPU
		{6DF65D9C-31B3-4F77-B2F1-587C86A47EB9}.AppStore|iPhone.ActiveCfg = Release|Any CPU
		{6DF65D9C-31B3-4F77-B2F1-587C86A47EB9}.AppStore|iPhone.Build.0 = Release|Any CPU
		{6DF65D9C-31B3-4F77-B2F1-587C86A47EB9}.AppStore|iPhone.Deploy.0 = Release|Any CPU
		{6DF65D9C-31B3-4F77-B2F1-587C86A47EB9}.AppStore|iPhoneSimulator.ActiveCfg = Release|Any CPU
		{6DF65D9C-31B3-4F77-B2F1-587C86A47EB9}.AppStore|iPhoneSimulator.Build.0 = Release|Any CPU
		{6DF65D9C-31B3-4F77-B2F1-587C86A47EB9}.AppStore|iPhoneSimulator.Deploy.0 = Release|Any CPU
		{6DF65D9C-31B3-4F77-B2F1-587C86A47EB9}.Debug|Any CPU.ActiveCfg = Debug|Any CPU
		{6DF65D9C-31B3-4F77-B2F1-587C86A47EB9}.Debug|Any CPU.Build.0 = Debug|Any CPU
		{6DF65D9C-31B3-4F77-B2F1-587C86A47EB9}.Debug|Any CPU.Deploy.0 = Debug|Any CPU
		{6DF65D9C-31B3-4F77-B2F1-587C86A47EB9}.Debug|iPhone.ActiveCfg = Debug|Any CPU
		{6DF65D9C-31B3-4F77-B2F1-587C86A47EB9}.Debug|iPhone.Build.0 = Debug|Any CPU
		{6DF65D9C-31B3-4F77-B2F1-587C86A47EB9}.Debug|iPhone.Deploy.0 = Debug|Any CPU
		{6DF65D9C-31B3-4F77-B2F1-587C86A47EB9}.Debug|iPhoneSimulator.ActiveCfg = Debug|Any CPU
		{6DF65D9C-31B3-4F77-B2F1-587C86A47EB9}.Debug|iPhoneSimulator.Build.0 = Debug|Any CPU
		{6DF65D9C-31B3-4F77-B2F1-587C86A47EB9}.Debug|iPhoneSimulator.Deploy.0 = Debug|Any CPU
		{6DF65D9C-31B3-4F77-B2F1-587C86A47EB9}.Release|Any CPU.ActiveCfg = Release|Any CPU
		{6DF65D9C-31B3-4F77-B2F1-587C86A47EB9}.Release|Any CPU.Build.0 = Release|Any CPU
		{6DF65D9C-31B3-4F77-B2F1-587C86A47EB9}.Release|Any CPU.Deploy.0 = Release|Any CPU
		{6DF65D9C-31B3-4F77-B2F1-587C86A47EB9}.Release|iPhone.ActiveCfg = Release|Any CPU
		{6DF65D9C-31B3-4F77-B2F1-587C86A47EB9}.Release|iPhone.Build.0 = Release|Any CPU
		{6DF65D9C-31B3-4F77-B2F1-587C86A47EB9}.Release|iPhone.Deploy.0 = Release|Any CPU
		{6DF65D9C-31B3-4F77-B2F1-587C86A47EB9}.Release|iPhoneSimulator.ActiveCfg = Release|Any CPU
		{6DF65D9C-31B3-4F77-B2F1-587C86A47EB9}.Release|iPhoneSimulator.Build.0 = Release|Any CPU
		{6DF65D9C-31B3-4F77-B2F1-587C86A47EB9}.Release|iPhoneSimulator.Deploy.0 = Release|Any CPU
		{2576BA89-58C1-4469-A3FB-43872F3448DB}.Ad-Hoc|Any CPU.ActiveCfg = Ad-Hoc|iPhone
		{2576BA89-58C1-4469-A3FB-43872F3448DB}.Ad-Hoc|iPhone.ActiveCfg = Ad-Hoc|iPhone
		{2576BA89-58C1-4469-A3FB-43872F3448DB}.Ad-Hoc|iPhone.Build.0 = Ad-Hoc|iPhone
		{2576BA89-58C1-4469-A3FB-43872F3448DB}.Ad-Hoc|iPhoneSimulator.ActiveCfg = Ad-Hoc|iPhoneSimulator
		{2576BA89-58C1-4469-A3FB-43872F3448DB}.Ad-Hoc|iPhoneSimulator.Build.0 = Ad-Hoc|iPhoneSimulator
		{2576BA89-58C1-4469-A3FB-43872F3448DB}.AppStore|Any CPU.ActiveCfg = AppStore|iPhone
		{2576BA89-58C1-4469-A3FB-43872F3448DB}.AppStore|iPhone.ActiveCfg = AppStore|iPhone
		{2576BA89-58C1-4469-A3FB-43872F3448DB}.AppStore|iPhone.Build.0 = AppStore|iPhone
		{2576BA89-58C1-4469-A3FB-43872F3448DB}.AppStore|iPhoneSimulator.ActiveCfg = AppStore|iPhoneSimulator
		{2576BA89-58C1-4469-A3FB-43872F3448DB}.AppStore|iPhoneSimulator.Build.0 = AppStore|iPhoneSimulator
		{2576BA89-58C1-4469-A3FB-43872F3448DB}.Debug|Any CPU.ActiveCfg = Debug|iPhone
		{2576BA89-58C1-4469-A3FB-43872F3448DB}.Debug|iPhone.ActiveCfg = Debug|iPhone
		{2576BA89-58C1-4469-A3FB-43872F3448DB}.Debug|iPhone.Build.0 = Debug|iPhone
		{2576BA89-58C1-4469-A3FB-43872F3448DB}.Debug|iPhoneSimulator.ActiveCfg = Debug|iPhoneSimulator
		{2576BA89-58C1-4469-A3FB-43872F3448DB}.Debug|iPhoneSimulator.Build.0 = Debug|iPhoneSimulator
		{2576BA89-58C1-4469-A3FB-43872F3448DB}.Release|Any CPU.ActiveCfg = Release|iPhone
		{2576BA89-58C1-4469-A3FB-43872F3448DB}.Release|iPhone.ActiveCfg = Release|iPhone
		{2576BA89-58C1-4469-A3FB-43872F3448DB}.Release|iPhone.Build.0 = Release|iPhone
		{2576BA89-58C1-4469-A3FB-43872F3448DB}.Release|iPhoneSimulator.ActiveCfg = Release|iPhoneSimulator
		{2576BA89-58C1-4469-A3FB-43872F3448DB}.Release|iPhoneSimulator.Build.0 = Release|iPhoneSimulator
		{D1B3DEB7-46E7-4B52-B309-D806F3F5AC38}.Ad-Hoc|Any CPU.ActiveCfg = Debug|Any CPU
		{D1B3DEB7-46E7-4B52-B309-D806F3F5AC38}.Ad-Hoc|Any CPU.Build.0 = Debug|Any CPU
		{D1B3DEB7-46E7-4B52-B309-D806F3F5AC38}.Ad-Hoc|iPhone.ActiveCfg = Debug|Any CPU
		{D1B3DEB7-46E7-4B52-B309-D806F3F5AC38}.Ad-Hoc|iPhone.Build.0 = Debug|Any CPU
		{D1B3DEB7-46E7-4B52-B309-D806F3F5AC38}.Ad-Hoc|iPhoneSimulator.ActiveCfg = Debug|Any CPU
		{D1B3DEB7-46E7-4B52-B309-D806F3F5AC38}.Ad-Hoc|iPhoneSimulator.Build.0 = Debug|Any CPU
		{D1B3DEB7-46E7-4B52-B309-D806F3F5AC38}.AppStore|Any CPU.ActiveCfg = Debug|Any CPU
		{D1B3DEB7-46E7-4B52-B309-D806F3F5AC38}.AppStore|Any CPU.Build.0 = Debug|Any CPU
		{D1B3DEB7-46E7-4B52-B309-D806F3F5AC38}.AppStore|iPhone.ActiveCfg = Debug|Any CPU
		{D1B3DEB7-46E7-4B52-B309-D806F3F5AC38}.AppStore|iPhone.Build.0 = Debug|Any CPU
		{D1B3DEB7-46E7-4B52-B309-D806F3F5AC38}.AppStore|iPhoneSimulator.ActiveCfg = Debug|Any CPU
		{D1B3DEB7-46E7-4B52-B309-D806F3F5AC38}.AppStore|iPhoneSimulator.Build.0 = Debug|Any CPU
		{D1B3DEB7-46E7-4B52-B309-D806F3F5AC38}.Debug|Any CPU.ActiveCfg = Debug|Any CPU
		{D1B3DEB7-46E7-4B52-B309-D806F3F5AC38}.Debug|Any CPU.Build.0 = Debug|Any CPU
		{D1B3DEB7-46E7-4B52-B309-D806F3F5AC38}.Debug|iPhone.ActiveCfg = Debug|Any CPU
		{D1B3DEB7-46E7-4B52-B309-D806F3F5AC38}.Debug|iPhone.Build.0 = Debug|Any CPU
		{D1B3DEB7-46E7-4B52-B309-D806F3F5AC38}.Debug|iPhoneSimulator.ActiveCfg = Debug|Any CPU
		{D1B3DEB7-46E7-4B52-B309-D806F3F5AC38}.Debug|iPhoneSimulator.Build.0 = Debug|Any CPU
		{D1B3DEB7-46E7-4B52-B309-D806F3F5AC38}.Release|Any CPU.ActiveCfg = Release|Any CPU
		{D1B3DEB7-46E7-4B52-B309-D806F3F5AC38}.Release|Any CPU.Build.0 = Release|Any CPU
		{D1B3DEB7-46E7-4B52-B309-D806F3F5AC38}.Release|iPhone.ActiveCfg = Release|Any CPU
		{D1B3DEB7-46E7-4B52-B309-D806F3F5AC38}.Release|iPhone.Build.0 = Release|Any CPU
		{D1B3DEB7-46E7-4B52-B309-D806F3F5AC38}.Release|iPhoneSimulator.ActiveCfg = Release|Any CPU
		{D1B3DEB7-46E7-4B52-B309-D806F3F5AC38}.Release|iPhoneSimulator.Build.0 = Release|Any CPU
		{328EB11A-CDF0-48A1-9C05-7E263B7681D3}.Ad-Hoc|Any CPU.ActiveCfg = Debug|Any CPU
		{328EB11A-CDF0-48A1-9C05-7E263B7681D3}.Ad-Hoc|Any CPU.Build.0 = Debug|Any CPU
		{328EB11A-CDF0-48A1-9C05-7E263B7681D3}.Ad-Hoc|iPhone.ActiveCfg = Debug|Any CPU
		{328EB11A-CDF0-48A1-9C05-7E263B7681D3}.Ad-Hoc|iPhone.Build.0 = Debug|Any CPU
		{328EB11A-CDF0-48A1-9C05-7E263B7681D3}.Ad-Hoc|iPhoneSimulator.ActiveCfg = Debug|Any CPU
		{328EB11A-CDF0-48A1-9C05-7E263B7681D3}.Ad-Hoc|iPhoneSimulator.Build.0 = Debug|Any CPU
		{328EB11A-CDF0-48A1-9C05-7E263B7681D3}.AppStore|Any CPU.ActiveCfg = Debug|Any CPU
		{328EB11A-CDF0-48A1-9C05-7E263B7681D3}.AppStore|Any CPU.Build.0 = Debug|Any CPU
		{328EB11A-CDF0-48A1-9C05-7E263B7681D3}.AppStore|iPhone.ActiveCfg = Debug|Any CPU
		{328EB11A-CDF0-48A1-9C05-7E263B7681D3}.AppStore|iPhone.Build.0 = Debug|Any CPU
		{328EB11A-CDF0-48A1-9C05-7E263B7681D3}.AppStore|iPhoneSimulator.ActiveCfg = Debug|Any CPU
		{328EB11A-CDF0-48A1-9C05-7E263B7681D3}.AppStore|iPhoneSimulator.Build.0 = Debug|Any CPU
		{328EB11A-CDF0-48A1-9C05-7E263B7681D3}.Debug|Any CPU.ActiveCfg = Debug|Any CPU
		{328EB11A-CDF0-48A1-9C05-7E263B7681D3}.Debug|Any CPU.Build.0 = Debug|Any CPU
		{328EB11A-CDF0-48A1-9C05-7E263B7681D3}.Debug|iPhone.ActiveCfg = Debug|Any CPU
		{328EB11A-CDF0-48A1-9C05-7E263B7681D3}.Debug|iPhone.Build.0 = Debug|Any CPU
		{328EB11A-CDF0-48A1-9C05-7E263B7681D3}.Debug|iPhoneSimulator.ActiveCfg = Debug|Any CPU
		{328EB11A-CDF0-48A1-9C05-7E263B7681D3}.Debug|iPhoneSimulator.Build.0 = Debug|Any CPU
		{328EB11A-CDF0-48A1-9C05-7E263B7681D3}.Release|Any CPU.ActiveCfg = Release|Any CPU
		{328EB11A-CDF0-48A1-9C05-7E263B7681D3}.Release|Any CPU.Build.0 = Release|Any CPU
		{328EB11A-CDF0-48A1-9C05-7E263B7681D3}.Release|iPhone.ActiveCfg = Release|Any CPU
		{328EB11A-CDF0-48A1-9C05-7E263B7681D3}.Release|iPhone.Build.0 = Release|Any CPU
		{328EB11A-CDF0-48A1-9C05-7E263B7681D3}.Release|iPhoneSimulator.ActiveCfg = Release|Any CPU
		{328EB11A-CDF0-48A1-9C05-7E263B7681D3}.Release|iPhoneSimulator.Build.0 = Release|Any CPU
		{6662E2CD-393C-4143-82BE-50915EBA1F65}.Ad-Hoc|Any CPU.ActiveCfg = Debug|Any CPU
		{6662E2CD-393C-4143-82BE-50915EBA1F65}.Ad-Hoc|Any CPU.Build.0 = Debug|Any CPU
		{6662E2CD-393C-4143-82BE-50915EBA1F65}.Ad-Hoc|iPhone.ActiveCfg = Debug|Any CPU
		{6662E2CD-393C-4143-82BE-50915EBA1F65}.Ad-Hoc|iPhone.Build.0 = Debug|Any CPU
		{6662E2CD-393C-4143-82BE-50915EBA1F65}.Ad-Hoc|iPhoneSimulator.ActiveCfg = Debug|Any CPU
		{6662E2CD-393C-4143-82BE-50915EBA1F65}.Ad-Hoc|iPhoneSimulator.Build.0 = Debug|Any CPU
		{6662E2CD-393C-4143-82BE-50915EBA1F65}.AppStore|Any CPU.ActiveCfg = Debug|Any CPU
		{6662E2CD-393C-4143-82BE-50915EBA1F65}.AppStore|Any CPU.Build.0 = Debug|Any CPU
		{6662E2CD-393C-4143-82BE-50915EBA1F65}.AppStore|iPhone.ActiveCfg = Debug|Any CPU
		{6662E2CD-393C-4143-82BE-50915EBA1F65}.AppStore|iPhone.Build.0 = Debug|Any CPU
		{6662E2CD-393C-4143-82BE-50915EBA1F65}.AppStore|iPhoneSimulator.ActiveCfg = Debug|Any CPU
		{6662E2CD-393C-4143-82BE-50915EBA1F65}.AppStore|iPhoneSimulator.Build.0 = Debug|Any CPU
		{6662E2CD-393C-4143-82BE-50915EBA1F65}.Debug|Any CPU.ActiveCfg = Debug|Any CPU
		{6662E2CD-393C-4143-82BE-50915EBA1F65}.Debug|Any CPU.Build.0 = Debug|Any CPU
		{6662E2CD-393C-4143-82BE-50915EBA1F65}.Debug|iPhone.ActiveCfg = Debug|Any CPU
		{6662E2CD-393C-4143-82BE-50915EBA1F65}.Debug|iPhone.Build.0 = Debug|Any CPU
		{6662E2CD-393C-4143-82BE-50915EBA1F65}.Debug|iPhoneSimulator.ActiveCfg = Debug|Any CPU
		{6662E2CD-393C-4143-82BE-50915EBA1F65}.Debug|iPhoneSimulator.Build.0 = Debug|Any CPU
		{6662E2CD-393C-4143-82BE-50915EBA1F65}.Release|Any CPU.ActiveCfg = Release|Any CPU
		{6662E2CD-393C-4143-82BE-50915EBA1F65}.Release|Any CPU.Build.0 = Release|Any CPU
		{6662E2CD-393C-4143-82BE-50915EBA1F65}.Release|iPhone.ActiveCfg = Release|Any CPU
		{6662E2CD-393C-4143-82BE-50915EBA1F65}.Release|iPhone.Build.0 = Release|Any CPU
		{6662E2CD-393C-4143-82BE-50915EBA1F65}.Release|iPhoneSimulator.ActiveCfg = Release|Any CPU
		{6662E2CD-393C-4143-82BE-50915EBA1F65}.Release|iPhoneSimulator.Build.0 = Release|Any CPU
		{83CBBE37-CD7A-46DF-A21B-E7012FA9D971}.Ad-Hoc|Any CPU.ActiveCfg = Debug|Any CPU
		{83CBBE37-CD7A-46DF-A21B-E7012FA9D971}.Ad-Hoc|Any CPU.Build.0 = Debug|Any CPU
		{83CBBE37-CD7A-46DF-A21B-E7012FA9D971}.Ad-Hoc|iPhone.ActiveCfg = Debug|Any CPU
		{83CBBE37-CD7A-46DF-A21B-E7012FA9D971}.Ad-Hoc|iPhone.Build.0 = Debug|Any CPU
		{83CBBE37-CD7A-46DF-A21B-E7012FA9D971}.Ad-Hoc|iPhoneSimulator.ActiveCfg = Debug|Any CPU
		{83CBBE37-CD7A-46DF-A21B-E7012FA9D971}.Ad-Hoc|iPhoneSimulator.Build.0 = Debug|Any CPU
		{83CBBE37-CD7A-46DF-A21B-E7012FA9D971}.AppStore|Any CPU.ActiveCfg = Debug|Any CPU
		{83CBBE37-CD7A-46DF-A21B-E7012FA9D971}.AppStore|Any CPU.Build.0 = Debug|Any CPU
		{83CBBE37-CD7A-46DF-A21B-E7012FA9D971}.AppStore|iPhone.ActiveCfg = Debug|Any CPU
		{83CBBE37-CD7A-46DF-A21B-E7012FA9D971}.AppStore|iPhone.Build.0 = Debug|Any CPU
		{83CBBE37-CD7A-46DF-A21B-E7012FA9D971}.AppStore|iPhoneSimulator.ActiveCfg = Debug|Any CPU
		{83CBBE37-CD7A-46DF-A21B-E7012FA9D971}.AppStore|iPhoneSimulator.Build.0 = Debug|Any CPU
		{83CBBE37-CD7A-46DF-A21B-E7012FA9D971}.Debug|Any CPU.ActiveCfg = Debug|Any CPU
		{83CBBE37-CD7A-46DF-A21B-E7012FA9D971}.Debug|Any CPU.Build.0 = Debug|Any CPU
		{83CBBE37-CD7A-46DF-A21B-E7012FA9D971}.Debug|iPhone.ActiveCfg = Debug|Any CPU
		{83CBBE37-CD7A-46DF-A21B-E7012FA9D971}.Debug|iPhone.Build.0 = Debug|Any CPU
		{83CBBE37-CD7A-46DF-A21B-E7012FA9D971}.Debug|iPhoneSimulator.ActiveCfg = Debug|Any CPU
		{83CBBE37-CD7A-46DF-A21B-E7012FA9D971}.Debug|iPhoneSimulator.Build.0 = Debug|Any CPU
		{83CBBE37-CD7A-46DF-A21B-E7012FA9D971}.Release|Any CPU.ActiveCfg = Release|Any CPU
		{83CBBE37-CD7A-46DF-A21B-E7012FA9D971}.Release|Any CPU.Build.0 = Release|Any CPU
		{83CBBE37-CD7A-46DF-A21B-E7012FA9D971}.Release|iPhone.ActiveCfg = Release|Any CPU
		{83CBBE37-CD7A-46DF-A21B-E7012FA9D971}.Release|iPhone.Build.0 = Release|Any CPU
		{83CBBE37-CD7A-46DF-A21B-E7012FA9D971}.Release|iPhoneSimulator.ActiveCfg = Release|Any CPU
		{83CBBE37-CD7A-46DF-A21B-E7012FA9D971}.Release|iPhoneSimulator.Build.0 = Release|Any CPU
		{13D72D23-0093-4179-B5EC-DB88DAE6A833}.Ad-Hoc|Any CPU.ActiveCfg = Debug|Any CPU
		{13D72D23-0093-4179-B5EC-DB88DAE6A833}.Ad-Hoc|Any CPU.Build.0 = Debug|Any CPU
		{13D72D23-0093-4179-B5EC-DB88DAE6A833}.Ad-Hoc|iPhone.ActiveCfg = Debug|Any CPU
		{13D72D23-0093-4179-B5EC-DB88DAE6A833}.Ad-Hoc|iPhone.Build.0 = Debug|Any CPU
		{13D72D23-0093-4179-B5EC-DB88DAE6A833}.Ad-Hoc|iPhoneSimulator.ActiveCfg = Debug|Any CPU
		{13D72D23-0093-4179-B5EC-DB88DAE6A833}.Ad-Hoc|iPhoneSimulator.Build.0 = Debug|Any CPU
		{13D72D23-0093-4179-B5EC-DB88DAE6A833}.AppStore|Any CPU.ActiveCfg = Debug|Any CPU
		{13D72D23-0093-4179-B5EC-DB88DAE6A833}.AppStore|Any CPU.Build.0 = Debug|Any CPU
		{13D72D23-0093-4179-B5EC-DB88DAE6A833}.AppStore|iPhone.ActiveCfg = Debug|Any CPU
		{13D72D23-0093-4179-B5EC-DB88DAE6A833}.AppStore|iPhone.Build.0 = Debug|Any CPU
		{13D72D23-0093-4179-B5EC-DB88DAE6A833}.AppStore|iPhoneSimulator.ActiveCfg = Debug|Any CPU
		{13D72D23-0093-4179-B5EC-DB88DAE6A833}.AppStore|iPhoneSimulator.Build.0 = Debug|Any CPU
		{13D72D23-0093-4179-B5EC-DB88DAE6A833}.Debug|Any CPU.ActiveCfg = Debug|Any CPU
		{13D72D23-0093-4179-B5EC-DB88DAE6A833}.Debug|Any CPU.Build.0 = Debug|Any CPU
		{13D72D23-0093-4179-B5EC-DB88DAE6A833}.Debug|iPhone.ActiveCfg = Debug|Any CPU
		{13D72D23-0093-4179-B5EC-DB88DAE6A833}.Debug|iPhone.Build.0 = Debug|Any CPU
		{13D72D23-0093-4179-B5EC-DB88DAE6A833}.Debug|iPhoneSimulator.ActiveCfg = Debug|Any CPU
		{13D72D23-0093-4179-B5EC-DB88DAE6A833}.Debug|iPhoneSimulator.Build.0 = Debug|Any CPU
		{13D72D23-0093-4179-B5EC-DB88DAE6A833}.Release|Any CPU.ActiveCfg = Release|Any CPU
		{13D72D23-0093-4179-B5EC-DB88DAE6A833}.Release|Any CPU.Build.0 = Release|Any CPU
		{13D72D23-0093-4179-B5EC-DB88DAE6A833}.Release|iPhone.ActiveCfg = Release|Any CPU
		{13D72D23-0093-4179-B5EC-DB88DAE6A833}.Release|iPhone.Build.0 = Release|Any CPU
		{13D72D23-0093-4179-B5EC-DB88DAE6A833}.Release|iPhoneSimulator.ActiveCfg = Release|Any CPU
		{13D72D23-0093-4179-B5EC-DB88DAE6A833}.Release|iPhoneSimulator.Build.0 = Release|Any CPU
		{B7E9313E-AEE0-49E2-B31F-7BE29F708A13}.Ad-Hoc|Any CPU.ActiveCfg = Debug|Any CPU
		{B7E9313E-AEE0-49E2-B31F-7BE29F708A13}.Ad-Hoc|Any CPU.Build.0 = Debug|Any CPU
		{B7E9313E-AEE0-49E2-B31F-7BE29F708A13}.Ad-Hoc|iPhone.ActiveCfg = Debug|Any CPU
		{B7E9313E-AEE0-49E2-B31F-7BE29F708A13}.Ad-Hoc|iPhone.Build.0 = Debug|Any CPU
		{B7E9313E-AEE0-49E2-B31F-7BE29F708A13}.Ad-Hoc|iPhoneSimulator.ActiveCfg = Debug|Any CPU
		{B7E9313E-AEE0-49E2-B31F-7BE29F708A13}.Ad-Hoc|iPhoneSimulator.Build.0 = Debug|Any CPU
		{B7E9313E-AEE0-49E2-B31F-7BE29F708A13}.AppStore|Any CPU.ActiveCfg = Debug|Any CPU
		{B7E9313E-AEE0-49E2-B31F-7BE29F708A13}.AppStore|Any CPU.Build.0 = Debug|Any CPU
		{B7E9313E-AEE0-49E2-B31F-7BE29F708A13}.AppStore|iPhone.ActiveCfg = Debug|Any CPU
		{B7E9313E-AEE0-49E2-B31F-7BE29F708A13}.AppStore|iPhone.Build.0 = Debug|Any CPU
		{B7E9313E-AEE0-49E2-B31F-7BE29F708A13}.AppStore|iPhoneSimulator.ActiveCfg = Debug|Any CPU
		{B7E9313E-AEE0-49E2-B31F-7BE29F708A13}.AppStore|iPhoneSimulator.Build.0 = Debug|Any CPU
		{B7E9313E-AEE0-49E2-B31F-7BE29F708A13}.Debug|Any CPU.ActiveCfg = Debug|Any CPU
		{B7E9313E-AEE0-49E2-B31F-7BE29F708A13}.Debug|Any CPU.Build.0 = Debug|Any CPU
		{B7E9313E-AEE0-49E2-B31F-7BE29F708A13}.Debug|iPhone.ActiveCfg = Debug|Any CPU
		{B7E9313E-AEE0-49E2-B31F-7BE29F708A13}.Debug|iPhone.Build.0 = Debug|Any CPU
		{B7E9313E-AEE0-49E2-B31F-7BE29F708A13}.Debug|iPhoneSimulator.ActiveCfg = Debug|Any CPU
		{B7E9313E-AEE0-49E2-B31F-7BE29F708A13}.Debug|iPhoneSimulator.Build.0 = Debug|Any CPU
		{B7E9313E-AEE0-49E2-B31F-7BE29F708A13}.Release|Any CPU.ActiveCfg = Release|Any CPU
		{B7E9313E-AEE0-49E2-B31F-7BE29F708A13}.Release|Any CPU.Build.0 = Release|Any CPU
		{B7E9313E-AEE0-49E2-B31F-7BE29F708A13}.Release|iPhone.ActiveCfg = Release|Any CPU
		{B7E9313E-AEE0-49E2-B31F-7BE29F708A13}.Release|iPhone.Build.0 = Release|Any CPU
		{B7E9313E-AEE0-49E2-B31F-7BE29F708A13}.Release|iPhoneSimulator.ActiveCfg = Release|Any CPU
		{B7E9313E-AEE0-49E2-B31F-7BE29F708A13}.Release|iPhoneSimulator.Build.0 = Release|Any CPU
		{312AADC0-2B7F-4D67-A455-08286A370C08}.Ad-Hoc|Any CPU.ActiveCfg = Debug|Any CPU
		{312AADC0-2B7F-4D67-A455-08286A370C08}.Ad-Hoc|Any CPU.Build.0 = Debug|Any CPU
		{312AADC0-2B7F-4D67-A455-08286A370C08}.Ad-Hoc|iPhone.ActiveCfg = Debug|Any CPU
		{312AADC0-2B7F-4D67-A455-08286A370C08}.Ad-Hoc|iPhone.Build.0 = Debug|Any CPU
		{312AADC0-2B7F-4D67-A455-08286A370C08}.Ad-Hoc|iPhoneSimulator.ActiveCfg = Debug|Any CPU
		{312AADC0-2B7F-4D67-A455-08286A370C08}.Ad-Hoc|iPhoneSimulator.Build.0 = Debug|Any CPU
		{312AADC0-2B7F-4D67-A455-08286A370C08}.AppStore|Any CPU.ActiveCfg = Debug|Any CPU
		{312AADC0-2B7F-4D67-A455-08286A370C08}.AppStore|Any CPU.Build.0 = Debug|Any CPU
		{312AADC0-2B7F-4D67-A455-08286A370C08}.AppStore|iPhone.ActiveCfg = Debug|Any CPU
		{312AADC0-2B7F-4D67-A455-08286A370C08}.AppStore|iPhone.Build.0 = Debug|Any CPU
		{312AADC0-2B7F-4D67-A455-08286A370C08}.AppStore|iPhoneSimulator.ActiveCfg = Debug|Any CPU
		{312AADC0-2B7F-4D67-A455-08286A370C08}.AppStore|iPhoneSimulator.Build.0 = Debug|Any CPU
		{312AADC0-2B7F-4D67-A455-08286A370C08}.Debug|Any CPU.ActiveCfg = Debug|Any CPU
		{312AADC0-2B7F-4D67-A455-08286A370C08}.Debug|Any CPU.Build.0 = Debug|Any CPU
		{312AADC0-2B7F-4D67-A455-08286A370C08}.Debug|iPhone.ActiveCfg = Debug|Any CPU
		{312AADC0-2B7F-4D67-A455-08286A370C08}.Debug|iPhone.Build.0 = Debug|Any CPU
		{312AADC0-2B7F-4D67-A455-08286A370C08}.Debug|iPhoneSimulator.ActiveCfg = Debug|Any CPU
		{312AADC0-2B7F-4D67-A455-08286A370C08}.Debug|iPhoneSimulator.Build.0 = Debug|Any CPU
		{312AADC0-2B7F-4D67-A455-08286A370C08}.Release|Any CPU.ActiveCfg = Release|Any CPU
		{312AADC0-2B7F-4D67-A455-08286A370C08}.Release|Any CPU.Build.0 = Release|Any CPU
		{312AADC0-2B7F-4D67-A455-08286A370C08}.Release|iPhone.ActiveCfg = Release|Any CPU
		{312AADC0-2B7F-4D67-A455-08286A370C08}.Release|iPhone.Build.0 = Release|Any CPU
		{312AADC0-2B7F-4D67-A455-08286A370C08}.Release|iPhoneSimulator.ActiveCfg = Release|Any CPU
		{312AADC0-2B7F-4D67-A455-08286A370C08}.Release|iPhoneSimulator.Build.0 = Release|Any CPU
		{1F86193F-4894-44D9-8507-CEAFA40757D5}.Ad-Hoc|Any CPU.ActiveCfg = Debug|Any CPU
		{1F86193F-4894-44D9-8507-CEAFA40757D5}.Ad-Hoc|Any CPU.Build.0 = Debug|Any CPU
		{1F86193F-4894-44D9-8507-CEAFA40757D5}.Ad-Hoc|iPhone.ActiveCfg = Debug|Any CPU
		{1F86193F-4894-44D9-8507-CEAFA40757D5}.Ad-Hoc|iPhone.Build.0 = Debug|Any CPU
		{1F86193F-4894-44D9-8507-CEAFA40757D5}.Ad-Hoc|iPhoneSimulator.ActiveCfg = Debug|Any CPU
		{1F86193F-4894-44D9-8507-CEAFA40757D5}.Ad-Hoc|iPhoneSimulator.Build.0 = Debug|Any CPU
		{1F86193F-4894-44D9-8507-CEAFA40757D5}.AppStore|Any CPU.ActiveCfg = Debug|Any CPU
		{1F86193F-4894-44D9-8507-CEAFA40757D5}.AppStore|Any CPU.Build.0 = Debug|Any CPU
		{1F86193F-4894-44D9-8507-CEAFA40757D5}.AppStore|iPhone.ActiveCfg = Debug|Any CPU
		{1F86193F-4894-44D9-8507-CEAFA40757D5}.AppStore|iPhone.Build.0 = Debug|Any CPU
		{1F86193F-4894-44D9-8507-CEAFA40757D5}.AppStore|iPhoneSimulator.ActiveCfg = Debug|Any CPU
		{1F86193F-4894-44D9-8507-CEAFA40757D5}.AppStore|iPhoneSimulator.Build.0 = Debug|Any CPU
		{1F86193F-4894-44D9-8507-CEAFA40757D5}.Debug|Any CPU.ActiveCfg = Debug|Any CPU
		{1F86193F-4894-44D9-8507-CEAFA40757D5}.Debug|Any CPU.Build.0 = Debug|Any CPU
		{1F86193F-4894-44D9-8507-CEAFA40757D5}.Debug|iPhone.ActiveCfg = Debug|Any CPU
		{1F86193F-4894-44D9-8507-CEAFA40757D5}.Debug|iPhone.Build.0 = Debug|Any CPU
		{1F86193F-4894-44D9-8507-CEAFA40757D5}.Debug|iPhoneSimulator.ActiveCfg = Debug|Any CPU
		{1F86193F-4894-44D9-8507-CEAFA40757D5}.Debug|iPhoneSimulator.Build.0 = Debug|Any CPU
		{1F86193F-4894-44D9-8507-CEAFA40757D5}.Release|Any CPU.ActiveCfg = Release|Any CPU
		{1F86193F-4894-44D9-8507-CEAFA40757D5}.Release|Any CPU.Build.0 = Release|Any CPU
		{1F86193F-4894-44D9-8507-CEAFA40757D5}.Release|iPhone.ActiveCfg = Release|Any CPU
		{1F86193F-4894-44D9-8507-CEAFA40757D5}.Release|iPhone.Build.0 = Release|Any CPU
		{1F86193F-4894-44D9-8507-CEAFA40757D5}.Release|iPhoneSimulator.ActiveCfg = Release|Any CPU
		{1F86193F-4894-44D9-8507-CEAFA40757D5}.Release|iPhoneSimulator.Build.0 = Release|Any CPU
		{C090E981-FEB1-48F1-8D2A-BAF82E9835E3}.Ad-Hoc|Any CPU.ActiveCfg = Debug|Any CPU
		{C090E981-FEB1-48F1-8D2A-BAF82E9835E3}.Ad-Hoc|Any CPU.Build.0 = Debug|Any CPU
		{C090E981-FEB1-48F1-8D2A-BAF82E9835E3}.Ad-Hoc|iPhone.ActiveCfg = Debug|Any CPU
		{C090E981-FEB1-48F1-8D2A-BAF82E9835E3}.Ad-Hoc|iPhone.Build.0 = Debug|Any CPU
		{C090E981-FEB1-48F1-8D2A-BAF82E9835E3}.Ad-Hoc|iPhoneSimulator.ActiveCfg = Debug|Any CPU
		{C090E981-FEB1-48F1-8D2A-BAF82E9835E3}.Ad-Hoc|iPhoneSimulator.Build.0 = Debug|Any CPU
		{C090E981-FEB1-48F1-8D2A-BAF82E9835E3}.AppStore|Any CPU.ActiveCfg = Debug|Any CPU
		{C090E981-FEB1-48F1-8D2A-BAF82E9835E3}.AppStore|Any CPU.Build.0 = Debug|Any CPU
		{C090E981-FEB1-48F1-8D2A-BAF82E9835E3}.AppStore|iPhone.ActiveCfg = Debug|Any CPU
		{C090E981-FEB1-48F1-8D2A-BAF82E9835E3}.AppStore|iPhone.Build.0 = Debug|Any CPU
		{C090E981-FEB1-48F1-8D2A-BAF82E9835E3}.AppStore|iPhoneSimulator.ActiveCfg = Debug|Any CPU
		{C090E981-FEB1-48F1-8D2A-BAF82E9835E3}.AppStore|iPhoneSimulator.Build.0 = Debug|Any CPU
		{C090E981-FEB1-48F1-8D2A-BAF82E9835E3}.Debug|Any CPU.ActiveCfg = Debug|Any CPU
		{C090E981-FEB1-48F1-8D2A-BAF82E9835E3}.Debug|Any CPU.Build.0 = Debug|Any CPU
		{C090E981-FEB1-48F1-8D2A-BAF82E9835E3}.Debug|iPhone.ActiveCfg = Debug|Any CPU
		{C090E981-FEB1-48F1-8D2A-BAF82E9835E3}.Debug|iPhone.Build.0 = Debug|Any CPU
		{C090E981-FEB1-48F1-8D2A-BAF82E9835E3}.Debug|iPhoneSimulator.ActiveCfg = Debug|Any CPU
		{C090E981-FEB1-48F1-8D2A-BAF82E9835E3}.Debug|iPhoneSimulator.Build.0 = Debug|Any CPU
		{C090E981-FEB1-48F1-8D2A-BAF82E9835E3}.Release|Any CPU.ActiveCfg = Release|Any CPU
		{C090E981-FEB1-48F1-8D2A-BAF82E9835E3}.Release|Any CPU.Build.0 = Release|Any CPU
		{C090E981-FEB1-48F1-8D2A-BAF82E9835E3}.Release|iPhone.ActiveCfg = Release|Any CPU
		{C090E981-FEB1-48F1-8D2A-BAF82E9835E3}.Release|iPhone.Build.0 = Release|Any CPU
		{C090E981-FEB1-48F1-8D2A-BAF82E9835E3}.Release|iPhoneSimulator.ActiveCfg = Release|Any CPU
		{C090E981-FEB1-48F1-8D2A-BAF82E9835E3}.Release|iPhoneSimulator.Build.0 = Release|Any CPU
		{EA4F7254-B52D-4276-83BC-9CF257AA967C}.Ad-Hoc|Any CPU.ActiveCfg = Debug|Any CPU
		{EA4F7254-B52D-4276-83BC-9CF257AA967C}.Ad-Hoc|Any CPU.Build.0 = Debug|Any CPU
		{EA4F7254-B52D-4276-83BC-9CF257AA967C}.Ad-Hoc|iPhone.ActiveCfg = Debug|Any CPU
		{EA4F7254-B52D-4276-83BC-9CF257AA967C}.Ad-Hoc|iPhone.Build.0 = Debug|Any CPU
		{EA4F7254-B52D-4276-83BC-9CF257AA967C}.Ad-Hoc|iPhoneSimulator.ActiveCfg = Debug|Any CPU
		{EA4F7254-B52D-4276-83BC-9CF257AA967C}.Ad-Hoc|iPhoneSimulator.Build.0 = Debug|Any CPU
		{EA4F7254-B52D-4276-83BC-9CF257AA967C}.AppStore|Any CPU.ActiveCfg = Debug|Any CPU
		{EA4F7254-B52D-4276-83BC-9CF257AA967C}.AppStore|Any CPU.Build.0 = Debug|Any CPU
		{EA4F7254-B52D-4276-83BC-9CF257AA967C}.AppStore|iPhone.ActiveCfg = Debug|Any CPU
		{EA4F7254-B52D-4276-83BC-9CF257AA967C}.AppStore|iPhone.Build.0 = Debug|Any CPU
		{EA4F7254-B52D-4276-83BC-9CF257AA967C}.AppStore|iPhoneSimulator.ActiveCfg = Debug|Any CPU
		{EA4F7254-B52D-4276-83BC-9CF257AA967C}.AppStore|iPhoneSimulator.Build.0 = Debug|Any CPU
		{EA4F7254-B52D-4276-83BC-9CF257AA967C}.Debug|Any CPU.ActiveCfg = Debug|Any CPU
		{EA4F7254-B52D-4276-83BC-9CF257AA967C}.Debug|Any CPU.Build.0 = Debug|Any CPU
		{EA4F7254-B52D-4276-83BC-9CF257AA967C}.Debug|iPhone.ActiveCfg = Debug|Any CPU
		{EA4F7254-B52D-4276-83BC-9CF257AA967C}.Debug|iPhone.Build.0 = Debug|Any CPU
		{EA4F7254-B52D-4276-83BC-9CF257AA967C}.Debug|iPhoneSimulator.ActiveCfg = Debug|Any CPU
		{EA4F7254-B52D-4276-83BC-9CF257AA967C}.Debug|iPhoneSimulator.Build.0 = Debug|Any CPU
		{EA4F7254-B52D-4276-83BC-9CF257AA967C}.Release|Any CPU.ActiveCfg = Release|Any CPU
		{EA4F7254-B52D-4276-83BC-9CF257AA967C}.Release|Any CPU.Build.0 = Release|Any CPU
		{EA4F7254-B52D-4276-83BC-9CF257AA967C}.Release|iPhone.ActiveCfg = Release|Any CPU
		{EA4F7254-B52D-4276-83BC-9CF257AA967C}.Release|iPhone.Build.0 = Release|Any CPU
		{EA4F7254-B52D-4276-83BC-9CF257AA967C}.Release|iPhoneSimulator.ActiveCfg = Release|Any CPU
		{EA4F7254-B52D-4276-83BC-9CF257AA967C}.Release|iPhoneSimulator.Build.0 = Release|Any CPU
	EndGlobalSection
	GlobalSection(SolutionProperties) = preSolution
		HideSolutionNode = FALSE
	EndGlobalSection
	GlobalSection(NestedProjects) = preSolution
		{6DF65D9C-31B3-4F77-B2F1-587C86A47EB9} = {461C268E-8D33-494F-B969-A22A7CE46B70}
		{2576BA89-58C1-4469-A3FB-43872F3448DB} = {461C268E-8D33-494F-B969-A22A7CE46B70}
		{D1B3DEB7-46E7-4B52-B309-D806F3F5AC38} = {D894F461-C055-44CE-8498-C32B9396E638}
		{5DB105C9-7091-44E2-AC55-31DEA94C7A78} = {0E7EF94A-BB2C-45FB-B5A6-F618FE291E7D}
		{328EB11A-CDF0-48A1-9C05-7E263B7681D3} = {5DB105C9-7091-44E2-AC55-31DEA94C7A78}
		{02E07CC6-26CD-4CDB-AB2F-59B7AA234AF5} = {292868D9-1431-4B1F-BAFA-5593A93DF262}
		{6662E2CD-393C-4143-82BE-50915EBA1F65} = {02E07CC6-26CD-4CDB-AB2F-59B7AA234AF5}
		{579DF52F-895E-4368-B91D-EC7777BEFA35} = {0E7EF94A-BB2C-45FB-B5A6-F618FE291E7D}
		{83CBBE37-CD7A-46DF-A21B-E7012FA9D971} = {579DF52F-895E-4368-B91D-EC7777BEFA35}
		{13D72D23-0093-4179-B5EC-DB88DAE6A833} = {1A9A69A9-62BE-421C-A024-A18A4E009D14}
		{BE6E0A67-3378-438E-BFCF-868641260653} = {292868D9-1431-4B1F-BAFA-5593A93DF262}
		{B7E9313E-AEE0-49E2-B31F-7BE29F708A13} = {BE6E0A67-3378-438E-BFCF-868641260653}
		{312AADC0-2B7F-4D67-A455-08286A370C08} = {F6B39103-2895-4059-974F-0EB895AAABBE}
		{1F86193F-4894-44D9-8507-CEAFA40757D5} = {F6B39103-2895-4059-974F-0EB895AAABBE}
		{461C268E-8D33-494F-B969-A22A7CE46B70} = {E13E0B1E-C69F-4C90-8BB5-B14444985046}
		{D894F461-C055-44CE-8498-C32B9396E638} = {E13E0B1E-C69F-4C90-8BB5-B14444985046}
		{324C22CB-012C-48A2-89C8-F5F5826E6BA5} = {E13E0B1E-C69F-4C90-8BB5-B14444985046}
		{C090E981-FEB1-48F1-8D2A-BAF82E9835E3} = {324C22CB-012C-48A2-89C8-F5F5826E6BA5}
		{2689D9F8-D5A6-4CF8-9A37-DFE1AF0DE568} = {0E7EF94A-BB2C-45FB-B5A6-F618FE291E7D}
		{EA4F7254-B52D-4276-83BC-9CF257AA967C} = {2689D9F8-D5A6-4CF8-9A37-DFE1AF0DE568}
	EndGlobalSection
	GlobalSection(ExtensibilityGlobals) = postSolution
		SolutionGuid = {C3E0FE9F-9653-45E7-82FC-9090013ECF6E}
	EndGlobalSection
EndGlobal
